// !$*UTF8*$!
{
	archiveVersion = 1;
	classes = {
	};
	objectVersion = 77;
	objects = {

/* Begin PBXBuildFile section */
		543401092E815A790047336A /* MainModel.swift in Sources */ = {isa = PBXBuildFile; fileRef = 543401082E815A790047336A /* MainModel.swift */; };
		543401112E83CF9A0047336A /* ProjectStorage.swift in Sources */ = {isa = PBXBuildFile; fileRef = 543401102E83CF980047336A /* ProjectStorage.swift */; };
		543F83AF2EB084B900354EDB /* TestMoveCanve.swift in Sources */ = {isa = PBXBuildFile; fileRef = 543F83AE2EB084B900354EDB /* TestMoveCanve.swift */; };
		543F83B12EB2080700354EDB /* FilterDemoView.swift in Sources */ = {isa = PBXBuildFile; fileRef = 543F83B02EB2080700354EDB /* FilterDemoView.swift */; };
		543F83B52EB21BE400354EDB /* FilterEditorCIView.swift in Sources */ = {isa = PBXBuildFile; fileRef = 543F83B42EB21BE400354EDB /* FilterEditorCIView.swift */; };
		543F83B72EB21C8100354EDB /* FilterCIViewModel.swift in Sources */ = {isa = PBXBuildFile; fileRef = 543F83B62EB21C7600354EDB /* FilterCIViewModel.swift */; };
		543F83B92EB4A18D00354EDB /* TestPhotopicker.swift in Sources */ = {isa = PBXBuildFile; fileRef = 543F83B82EB4A18D00354EDB /* TestPhotopicker.swift */; };
		544C17592E8FBF0200999A9B /* ColorPickerFromImage.swift in Sources */ = {isa = PBXBuildFile; fileRef = 544C17572E8FBF0200999A9B /* ColorPickerFromImage.swift */; };
		544C175F2E8FBF0600999A9B /* Color.swift in Sources */ = {isa = PBXBuildFile; fileRef = 544C175A2E8FBF0600999A9B /* Color.swift */; };
		544C17602E8FBF0600999A9B /* Shimmering.swift in Sources */ = {isa = PBXBuildFile; fileRef = 544C175B2E8FBF0600999A9B /* Shimmering.swift */; };
		544C17612E8FBF0600999A9B /* Snapshot.swift in Sources */ = {isa = PBXBuildFile; fileRef = 544C175C2E8FBF0600999A9B /* Snapshot.swift */; };
		544C17622E8FBF0600999A9B /* UIImage+LUT.swift in Sources */ = {isa = PBXBuildFile; fileRef = 544C175D2E8FBF0600999A9B /* UIImage+LUT.swift */; };
		544C17662E8FBF0A00999A9B /* BrightNessBGView.swift in Sources */ = {isa = PBXBuildFile; fileRef = 544C17632E8FBF0A00999A9B /* BrightNessBGView.swift */; };
		544C17712E8FBF1600999A9B /* ExportingViewModel.swift in Sources */ = {isa = PBXBuildFile; fileRef = 544C17682E8FBF1600999A9B /* ExportingViewModel.swift */; };
		544C17722E8FBF1600999A9B /* ExportingDoneView.swift in Sources */ = {isa = PBXBuildFile; fileRef = 544C176A2E8FBF1600999A9B /* ExportingDoneView.swift */; };
		544C17732E8FBF1600999A9B /* ExportingView.swift in Sources */ = {isa = PBXBuildFile; fileRef = 544C176B2E8FBF1600999A9B /* ExportingView.swift */; };
		544C17742E8FBF1600999A9B /* HomePreview.swift in Sources */ = {isa = PBXBuildFile; fileRef = 544C176C2E8FBF1600999A9B /* HomePreview.swift */; };
		544C17752E8FBF1600999A9B /* TestPreview.swift in Sources */ = {isa = PBXBuildFile; fileRef = 544C176E2E8FBF1600999A9B /* TestPreview.swift */; };
		544C17762E8FBF1600999A9B /* TestPreview1.swift in Sources */ = {isa = PBXBuildFile; fileRef = 544C176F2E8FBF1600999A9B /* TestPreview1.swift */; };
		5454444D2E7A6A780080D518 /* EditorCanvasView.swift in Sources */ = {isa = PBXBuildFile; fileRef = 5454444C2E7A6A780080D518 /* EditorCanvasView.swift */; };
		545B40242EA22D1500C1CA05 /* Network.swift in Sources */ = {isa = PBXBuildFile; fileRef = 545B40232EA22D1200C1CA05 /* Network.swift */; };
		546489AE2EB9AB7900818483 /* ExtensionTextView.swift in Sources */ = {isa = PBXBuildFile; fileRef = 546489AD2EB9AB7900818483 /* ExtensionTextView.swift */; };
		546489B12EBB494200818483 /* AppUsage.swift in Sources */ = {isa = PBXBuildFile; fileRef = 546489B02EBB493300818483 /* AppUsage.swift */; };
		546968AB2E6E8C2E00BD2B77 /* BackGroundModel.swift in Sources */ = {isa = PBXBuildFile; fileRef = 5469688F2E6E8C2E00BD2B77 /* BackGroundModel.swift */; };
		546968AC2E6E8C2E00BD2B77 /* BackGroundView.swift in Sources */ = {isa = PBXBuildFile; fileRef = 546968912E6E8C2E00BD2B77 /* BackGroundView.swift */; };
		546968AD2E6E8C2E00BD2B77 /* BackGroundViewModel.swift in Sources */ = {isa = PBXBuildFile; fileRef = 546968932E6E8C2E00BD2B77 /* BackGroundViewModel.swift */; };
		546968AE2E6E8C2E00BD2B77 /* OverlayTextModel.swift in Sources */ = {isa = PBXBuildFile; fileRef = 546968962E6E8C2E00BD2B77 /* OverlayTextModel.swift */; };
		546968AF2E6E8C2E00BD2B77 /* OverlayTextViewModel.swift in Sources */ = {isa = PBXBuildFile; fileRef = 546968982E6E8C2E00BD2B77 /* OverlayTextViewModel.swift */; };
		546968B02E6E8C2E00BD2B77 /* EditorView.swift in Sources */ = {isa = PBXBuildFile; fileRef = 5469689A2E6E8C2E00BD2B77 /* EditorView.swift */; };
		546968B12E6E8C2E00BD2B77 /* HomeView.swift in Sources */ = {isa = PBXBuildFile; fileRef = 5469689B2E6E8C2E00BD2B77 /* HomeView.swift */; };
		546968B22E6E8C2E00BD2B77 /* IntroView.swift in Sources */ = {isa = PBXBuildFile; fileRef = 5469689D2E6E8C2E00BD2B77 /* IntroView.swift */; };
		546968B32E6E8C2E00BD2B77 /* SplashView.swift in Sources */ = {isa = PBXBuildFile; fileRef = 5469689F2E6E8C2E00BD2B77 /* SplashView.swift */; };
		546968B42E6E8C2E00BD2B77 /* SubcriptionView.swift in Sources */ = {isa = PBXBuildFile; fileRef = 546968A12E6E8C2E00BD2B77 /* SubcriptionView.swift */; };
		546968B52E6E8C2E00BD2B77 /* TextView.swift in Sources */ = {isa = PBXBuildFile; fileRef = 546968A32E6E8C2E00BD2B77 /* TextView.swift */; };
		546968B72E6E8C2E00BD2B77 /* StoryMakerAppApp.swift in Sources */ = {isa = PBXBuildFile; fileRef = 546968A82E6E8C2E00BD2B77 /* StoryMakerAppApp.swift */; };
		546968B82E6E8C2E00BD2B77 /* Test.swift in Sources */ = {isa = PBXBuildFile; fileRef = 546968A92E6E8C2E00BD2B77 /* Test.swift */; };
		546968B92E6E8C2E00BD2B77 /* Assets.xcassets in Resources */ = {isa = PBXBuildFile; fileRef = 546968A52E6E8C2E00BD2B77 /* Assets.xcassets */; };
		546968BC2E6E8C6D00BD2B77 /* PPNeueMachina-Regular.otf in Resources */ = {isa = PBXBuildFile; fileRef = 546968BB2E6E8C6D00BD2B77 /* PPNeueMachina-Regular.otf */; };
		546968BF2E6E8DB600BD2B77 /* MonsieurLaDoulaise-Regular.ttf in Resources */ = {isa = PBXBuildFile; fileRef = 546968BE2E6E8DB600BD2B77 /* MonsieurLaDoulaise-Regular.ttf */; };
		546968C12E6E960900BD2B77 /* Barriecito-Regular.ttf in Resources */ = {isa = PBXBuildFile; fileRef = 546968C02E6E960900BD2B77 /* Barriecito-Regular.ttf */; };
		546968C32E6E96B700BD2B77 /* Pacifico-Regular.ttf in Resources */ = {isa = PBXBuildFile; fileRef = 546968C22E6E96B700BD2B77 /* Pacifico-Regular.ttf */; };
		546968C52E6E96F500BD2B77 /* Kapakana-VariableFont_wght.ttf in Resources */ = {isa = PBXBuildFile; fileRef = 546968C42E6E96F500BD2B77 /* Kapakana-VariableFont_wght.ttf */; };
		546968C72E6E975400BD2B77 /* AllertaStencil-Regular.ttf in Resources */ = {isa = PBXBuildFile; fileRef = 546968C62E6E975400BD2B77 /* AllertaStencil-Regular.ttf */; };
		546968C92E6E97A700BD2B77 /* Arbutus-Regular.ttf in Resources */ = {isa = PBXBuildFile; fileRef = 546968C82E6E97A700BD2B77 /* Arbutus-Regular.ttf */; };
		546968CB2E6E97D200BD2B77 /* Kablammo-Regular-VariableFont_MORF.ttf in Resources */ = {isa = PBXBuildFile; fileRef = 546968CA2E6E97D200BD2B77 /* Kablammo-Regular-VariableFont_MORF.ttf */; };
		546968CD2E6E980400BD2B77 /* Butcherman-Regular.ttf in Resources */ = {isa = PBXBuildFile; fileRef = 546968CC2E6E980400BD2B77 /* Butcherman-Regular.ttf */; };
		546968CF2E6E982B00BD2B77 /* Eater-Regular.ttf in Resources */ = {isa = PBXBuildFile; fileRef = 546968CE2E6E982B00BD2B77 /* Eater-Regular.ttf */; };
		546968D12E6E984C00BD2B77 /* Inspiration-Regular.ttf in Resources */ = {isa = PBXBuildFile; fileRef = 546968D02E6E984C00BD2B77 /* Inspiration-Regular.ttf */; };
		546968D32E6E987300BD2B77 /* FontdinerSwanky-Regular.ttf in Resources */ = {isa = PBXBuildFile; fileRef = 546968D22E6E987300BD2B77 /* FontdinerSwanky-Regular.ttf */; };
		546968D52E6E988E00BD2B77 /* RubikIso-Regular.ttf in Resources */ = {isa = PBXBuildFile; fileRef = 546968D42E6E988E00BD2B77 /* RubikIso-Regular.ttf */; };
		546968DD2E71625600BD2B77 /* BackgroundEditorView.swift in Sources */ = {isa = PBXBuildFile; fileRef = 546968DC2E71625600BD2B77 /* BackgroundEditorView.swift */; };
		546968DF2E71702200BD2B77 /* BackgroundEditorViewModel.swift in Sources */ = {isa = PBXBuildFile; fileRef = 546968DE2E71701D00BD2B77 /* BackgroundEditorViewModel.swift */; };
/* End PBXBuildFile section */

/* Begin PBXFileReference section */
		543401082E815A790047336A /* MainModel.swift */ = {isa = PBXFileReference; lastKnownFileType = sourcecode.swift; path = MainModel.swift; sourceTree = "<group>"; };
		543401102E83CF980047336A /* ProjectStorage.swift */ = {isa = PBXFileReference; lastKnownFileType = sourcecode.swift; path = ProjectStorage.swift; sourceTree = "<group>"; };
		543F83AE2EB084B900354EDB /* TestMoveCanve.swift */ = {isa = PBXFileReference; lastKnownFileType = sourcecode.swift; path = TestMoveCanve.swift; sourceTree = "<group>"; };
		543F83B02EB2080700354EDB /* FilterDemoView.swift */ = {isa = PBXFileReference; lastKnownFileType = sourcecode.swift; path = FilterDemoView.swift; sourceTree = "<group>"; };
		543F83B42EB21BE400354EDB /* FilterEditorCIView.swift */ = {isa = PBXFileReference; lastKnownFileType = sourcecode.swift; path = FilterEditorCIView.swift; sourceTree = "<group>"; };
		543F83B62EB21C7600354EDB /* FilterCIViewModel.swift */ = {isa = PBXFileReference; lastKnownFileType = sourcecode.swift; path = FilterCIViewModel.swift; sourceTree = "<group>"; };
		543F83B82EB4A18D00354EDB /* TestPhotopicker.swift */ = {isa = PBXFileReference; lastKnownFileType = sourcecode.swift; path = TestPhotopicker.swift; sourceTree = "<group>"; };
		544C17572E8FBF0200999A9B /* ColorPickerFromImage.swift */ = {isa = PBXFileReference; lastKnownFileType = sourcecode.swift; path = ColorPickerFromImage.swift; sourceTree = "<group>"; };
		544C175A2E8FBF0600999A9B /* Color.swift */ = {isa = PBXFileReference; lastKnownFileType = sourcecode.swift; path = Color.swift; sourceTree = "<group>"; };
		544C175B2E8FBF0600999A9B /* Shimmering.swift */ = {isa = PBXFileReference; lastKnownFileType = sourcecode.swift; path = Shimmering.swift; sourceTree = "<group>"; };
		544C175C2E8FBF0600999A9B /* Snapshot.swift */ = {isa = PBXFileReference; lastKnownFileType = sourcecode.swift; path = Snapshot.swift; sourceTree = "<group>"; };
		544C175D2E8FBF0600999A9B /* UIImage+LUT.swift */ = {isa = PBXFileReference; lastKnownFileType = sourcecode.swift; path = "UIImage+LUT.swift"; sourceTree = "<group>"; };
		544C17632E8FBF0A00999A9B /* BrightNessBGView.swift */ = {isa = PBXFileReference; lastKnownFileType = sourcecode.swift; path = BrightNessBGView.swift; sourceTree = "<group>"; };
		544C17682E8FBF1600999A9B /* ExportingViewModel.swift */ = {isa = PBXFileReference; lastKnownFileType = sourcecode.swift; path = ExportingViewModel.swift; sourceTree = "<group>"; };
		544C176A2E8FBF1600999A9B /* ExportingDoneView.swift */ = {isa = PBXFileReference; lastKnownFileType = sourcecode.swift; path = ExportingDoneView.swift; sourceTree = "<group>"; };
		544C176B2E8FBF1600999A9B /* ExportingView.swift */ = {isa = PBXFileReference; lastKnownFileType = sourcecode.swift; path = ExportingView.swift; sourceTree = "<group>"; };
		544C176C2E8FBF1600999A9B /* HomePreview.swift */ = {isa = PBXFileReference; lastKnownFileType = sourcecode.swift; path = HomePreview.swift; sourceTree = "<group>"; };
		544C176E2E8FBF1600999A9B /* TestPreview.swift */ = {isa = PBXFileReference; lastKnownFileType = sourcecode.swift; path = TestPreview.swift; sourceTree = "<group>"; };
		544C176F2E8FBF1600999A9B /* TestPreview1.swift */ = {isa = PBXFileReference; lastKnownFileType = sourcecode.swift; path = TestPreview1.swift; sourceTree = "<group>"; };
		5454444C2E7A6A780080D518 /* EditorCanvasView.swift */ = {isa = PBXFileReference; lastKnownFileType = sourcecode.swift; path = EditorCanvasView.swift; sourceTree = "<group>"; };
		545B40232EA22D1200C1CA05 /* Network.swift */ = {isa = PBXFileReference; lastKnownFileType = sourcecode.swift; path = Network.swift; sourceTree = "<group>"; };
		546489AD2EB9AB7900818483 /* ExtensionTextView.swift */ = {isa = PBXFileReference; lastKnownFileType = sourcecode.swift; path = ExtensionTextView.swift; sourceTree = "<group>"; };
		546489B02EBB493300818483 /* AppUsage.swift */ = {isa = PBXFileReference; lastKnownFileType = sourcecode.swift; path = AppUsage.swift; sourceTree = "<group>"; };
		5469688F2E6E8C2E00BD2B77 /* BackGroundModel.swift */ = {isa = PBXFileReference; lastKnownFileType = sourcecode.swift; path = BackGroundModel.swift; sourceTree = "<group>"; };
		546968912E6E8C2E00BD2B77 /* BackGroundView.swift */ = {isa = PBXFileReference; lastKnownFileType = sourcecode.swift; path = BackGroundView.swift; sourceTree = "<group>"; };
		546968932E6E8C2E00BD2B77 /* BackGroundViewModel.swift */ = {isa = PBXFileReference; lastKnownFileType = sourcecode.swift; path = BackGroundViewModel.swift; sourceTree = "<group>"; };
		546968962E6E8C2E00BD2B77 /* OverlayTextModel.swift */ = {isa = PBXFileReference; lastKnownFileType = sourcecode.swift; path = OverlayTextModel.swift; sourceTree = "<group>"; };
		546968982E6E8C2E00BD2B77 /* OverlayTextViewModel.swift */ = {isa = PBXFileReference; lastKnownFileType = sourcecode.swift; path = OverlayTextViewModel.swift; sourceTree = "<group>"; };
		5469689A2E6E8C2E00BD2B77 /* EditorView.swift */ = {isa = PBXFileReference; lastKnownFileType = sourcecode.swift; path = EditorView.swift; sourceTree = "<group>"; };
		5469689B2E6E8C2E00BD2B77 /* HomeView.swift */ = {isa = PBXFileReference; lastKnownFileType = sourcecode.swift; path = HomeView.swift; sourceTree = "<group>"; };
		5469689D2E6E8C2E00BD2B77 /* IntroView.swift */ = {isa = PBXFileReference; lastKnownFileType = sourcecode.swift; path = IntroView.swift; sourceTree = "<group>"; };
		5469689F2E6E8C2E00BD2B77 /* SplashView.swift */ = {isa = PBXFileReference; lastKnownFileType = sourcecode.swift; path = SplashView.swift; sourceTree = "<group>"; };
		546968A12E6E8C2E00BD2B77 /* SubcriptionView.swift */ = {isa = PBXFileReference; lastKnownFileType = sourcecode.swift; path = SubcriptionView.swift; sourceTree = "<group>"; };
		546968A32E6E8C2E00BD2B77 /* TextView.swift */ = {isa = PBXFileReference; lastKnownFileType = sourcecode.swift; path = TextView.swift; sourceTree = "<group>"; };
		546968A52E6E8C2E00BD2B77 /* Assets.xcassets */ = {isa = PBXFileReference; lastKnownFileType = folder.assetcatalog; path = Assets.xcassets; sourceTree = "<group>"; };
		546968A72E6E8C2E00BD2B77 /* StoryMakerApp.entitlements */ = {isa = PBXFileReference; lastKnownFileType = text.plist.entitlements; path = StoryMakerApp.entitlements; sourceTree = "<group>"; };
		546968A82E6E8C2E00BD2B77 /* StoryMakerAppApp.swift */ = {isa = PBXFileReference; lastKnownFileType = sourcecode.swift; path = StoryMakerAppApp.swift; sourceTree = "<group>"; };
		546968A92E6E8C2E00BD2B77 /* Test.swift */ = {isa = PBXFileReference; lastKnownFileType = sourcecode.swift; path = Test.swift; sourceTree = "<group>"; };
		546968BB2E6E8C6D00BD2B77 /* PPNeueMachina-Regular.otf */ = {isa = PBXFileReference; lastKnownFileType = file; path = "PPNeueMachina-Regular.otf"; sourceTree = "<group>"; };
		546968BD2E6E8CA600BD2B77 /* Info.plist */ = {isa = PBXFileReference; lastKnownFileType = text.plist.xml; path = Info.plist; sourceTree = "<group>"; };
		546968BE2E6E8DB600BD2B77 /* MonsieurLaDoulaise-Regular.ttf */ = {isa = PBXFileReference; lastKnownFileType = file; path = "MonsieurLaDoulaise-Regular.ttf"; sourceTree = "<group>"; };
		546968C02E6E960900BD2B77 /* Barriecito-Regular.ttf */ = {isa = PBXFileReference; lastKnownFileType = file; path = "Barriecito-Regular.ttf"; sourceTree = "<group>"; };
		546968C22E6E96B700BD2B77 /* Pacifico-Regular.ttf */ = {isa = PBXFileReference; lastKnownFileType = file; path = "Pacifico-Regular.ttf"; sourceTree = "<group>"; };
		546968C42E6E96F500BD2B77 /* Kapakana-VariableFont_wght.ttf */ = {isa = PBXFileReference; lastKnownFileType = file; path = "Kapakana-VariableFont_wght.ttf"; sourceTree = "<group>"; };
		546968C62E6E975400BD2B77 /* AllertaStencil-Regular.ttf */ = {isa = PBXFileReference; lastKnownFileType = file; path = "AllertaStencil-Regular.ttf"; sourceTree = "<group>"; };
		546968C82E6E97A700BD2B77 /* Arbutus-Regular.ttf */ = {isa = PBXFileReference; lastKnownFileType = file; path = "Arbutus-Regular.ttf"; sourceTree = "<group>"; };
		546968CA2E6E97D200BD2B77 /* Kablammo-Regular-VariableFont_MORF.ttf */ = {isa = PBXFileReference; lastKnownFileType = file; path = "Kablammo-Regular-VariableFont_MORF.ttf"; sourceTree = "<group>"; };
		546968CC2E6E980400BD2B77 /* Butcherman-Regular.ttf */ = {isa = PBXFileReference; lastKnownFileType = file; path = "Butcherman-Regular.ttf"; sourceTree = "<group>"; };
		546968CE2E6E982B00BD2B77 /* Eater-Regular.ttf */ = {isa = PBXFileReference; lastKnownFileType = file; path = "Eater-Regular.ttf"; sourceTree = "<group>"; };
		546968D02E6E984C00BD2B77 /* Inspiration-Regular.ttf */ = {isa = PBXFileReference; lastKnownFileType = file; path = "Inspiration-Regular.ttf"; sourceTree = "<group>"; };
		546968D22E6E987300BD2B77 /* FontdinerSwanky-Regular.ttf */ = {isa = PBXFileReference; lastKnownFileType = file; path = "FontdinerSwanky-Regular.ttf"; sourceTree = "<group>"; };
		546968D42E6E988E00BD2B77 /* RubikIso-Regular.ttf */ = {isa = PBXFileReference; lastKnownFileType = file; path = "RubikIso-Regular.ttf"; sourceTree = "<group>"; };
		546968DC2E71625600BD2B77 /* BackgroundEditorView.swift */ = {isa = PBXFileReference; lastKnownFileType = sourcecode.swift; path = BackgroundEditorView.swift; sourceTree = "<group>"; };
		546968DE2E71701D00BD2B77 /* BackgroundEditorViewModel.swift */ = {isa = PBXFileReference; lastKnownFileType = sourcecode.swift; path = BackgroundEditorViewModel.swift; sourceTree = "<group>"; };
		BB94D9EE2E541CBD008F66EA /* StoryMakerApp.app */ = {isa = PBXFileReference; explicitFileType = wrapper.application; includeInIndex = 0; path = StoryMakerApp.app; sourceTree = BUILT_PRODUCTS_DIR; };
/* End PBXFileReference section */

/* Begin PBXFrameworksBuildPhase section */
		BB94D9EB2E541CBD008F66EA /* Frameworks */ = {
			isa = PBXFrameworksBuildPhase;
			buildActionMask = 2147483647;
			files = (
			);
			runOnlyForDeploymentPostprocessing = 0;
		};
/* End PBXFrameworksBuildPhase section */

/* Begin PBXGroup section */
		544C17582E8FBF0200999A9B /* Color */ = {
			isa = PBXGroup;
			children = (
				544C17572E8FBF0200999A9B /* ColorPickerFromImage.swift */,
			);
			path = Color;
			sourceTree = "<group>";
		};
		544C175E2E8FBF0600999A9B /* Extensions */ = {
			isa = PBXGroup;
			children = (
				544C175A2E8FBF0600999A9B /* Color.swift */,
				544C175B2E8FBF0600999A9B /* Shimmering.swift */,
				544C175C2E8FBF0600999A9B /* Snapshot.swift */,
				544C175D2E8FBF0600999A9B /* UIImage+LUT.swift */,
				546489AD2EB9AB7900818483 /* ExtensionTextView.swift */,
			);
			path = Extensions;
			sourceTree = "<group>";
		};
		544C17652E8FBF0A00999A9B /* Filter */ = {
			isa = PBXGroup;
			children = (
				544C17632E8FBF0A00999A9B /* BrightNessBGView.swift */,
				543F83B42EB21BE400354EDB /* FilterEditorCIView.swift */,
				543F83B62EB21C7600354EDB /* FilterCIViewModel.swift */,
			);
			path = Filter;
			sourceTree = "<group>";
		};
		544C17782E8FBFC300999A9B /* Views */ = {
			isa = PBXGroup;
			children = (
				544C17822E8FC99F00999A9B /* Export */,
				544C177B2E8FC0A200999A9B /* Editor */,
				544C17792E8FBFF900999A9B /* Home */,
				546968A02E6E8C2E00BD2B77 /* Splash */,
				546968A22E6E8C2E00BD2B77 /* Subcription */,
			);
			path = Views;
			sourceTree = "<group>";
		};
		544C17792E8FBFF900999A9B /* Home */ = {
			isa = PBXGroup;
			children = (
				5469689B2E6E8C2E00BD2B77 /* HomeView.swift */,
				546968982E6E8C2E00BD2B77 /* OverlayTextViewModel.swift */,
			);
			path = Home;
			sourceTree = "<group>";
		};
		544C177B2E8FC0A200999A9B /* Editor */ = {
			isa = PBXGroup;
			children = (
				544C17802E8FC95900999A9B /* Background */,
				544C17582E8FBF0200999A9B /* Color */,
				544C177C2E8FC0FA00999A9B /* Text */,
				5454444C2E7A6A780080D518 /* EditorCanvasView.swift */,
				5469689A2E6E8C2E00BD2B77 /* EditorView.swift */,
			);
			path = Editor;
			sourceTree = "<group>";
		};
		544C177C2E8FC0FA00999A9B /* Text */ = {
			isa = PBXGroup;
			children = (
				546968A32E6E8C2E00BD2B77 /* TextView.swift */,
			);
			path = Text;
			sourceTree = "<group>";
		};
		544C177D2E8FC80800999A9B /* Models */ = {
			isa = PBXGroup;
			children = (
				543401082E815A790047336A /* MainModel.swift */,
				5469688F2E6E8C2E00BD2B77 /* BackGroundModel.swift */,
				546968962E6E8C2E00BD2B77 /* OverlayTextModel.swift */,
			);
			path = Models;
			sourceTree = "<group>";
		};
		544C177E2E8FC87800999A9B /* Resources */ = {
			isa = PBXGroup;
			children = (
				546968A52E6E8C2E00BD2B77 /* Assets.xcassets */,
				546968BA2E6E8C3700BD2B77 /* FontFamily */,
			);
			path = Resources;
			sourceTree = "<group>";
		};
		544C177F2E8FC8C500999A9B /* Utils */ = {
			isa = PBXGroup;
			children = (
				543401102E83CF980047336A /* ProjectStorage.swift */,
			);
			path = Utils;
			sourceTree = "<group>";
		};
		544C17802E8FC95900999A9B /* Background */ = {
			isa = PBXGroup;
			children = (
				544C17652E8FBF0A00999A9B /* Filter */,
				546968DC2E71625600BD2B77 /* BackgroundEditorView.swift */,
				546968912E6E8C2E00BD2B77 /* BackGroundView.swift */,
				546968DE2E71701D00BD2B77 /* BackgroundEditorViewModel.swift */,
				546968932E6E8C2E00BD2B77 /* BackGroundViewModel.swift */,
			);
			path = Background;
			sourceTree = "<group>";
		};
		544C17822E8FC99F00999A9B /* Export */ = {
			isa = PBXGroup;
			children = (
				544C176A2E8FBF1600999A9B /* ExportingDoneView.swift */,
				544C176B2E8FBF1600999A9B /* ExportingView.swift */,
				544C176C2E8FBF1600999A9B /* HomePreview.swift */,
				544C17682E8FBF1600999A9B /* ExportingViewModel.swift */,
			);
			path = Export;
			sourceTree = "<group>";
		};
		544C17832E8FC9C300999A9B /* Tests */ = {
			isa = PBXGroup;
			children = (
				544C176E2E8FBF1600999A9B /* TestPreview.swift */,
				544C176F2E8FBF1600999A9B /* TestPreview1.swift */,
				543F83AE2EB084B900354EDB /* TestMoveCanve.swift */,
				546968A92E6E8C2E00BD2B77 /* Test.swift */,
				543F83B02EB2080700354EDB /* FilterDemoView.swift */,
				543F83B82EB4A18D00354EDB /* TestPhotopicker.swift */,
			);
			path = Tests;
			sourceTree = "<group>";
		};
		545B40222EA22CED00C1CA05 /* Network */ = {
			isa = PBXGroup;
			children = (
				545B40232EA22D1200C1CA05 /* Network.swift */,
			);
			path = Network;
			sourceTree = "<group>";
		};
		5469689E2E6E8C2E00BD2B77 /* Onboarding */ = {
			isa = PBXGroup;
			children = (
				5469689D2E6E8C2E00BD2B77 /* IntroView.swift */,
			);
			path = Onboarding;
			sourceTree = "<group>";
		};
		546968A02E6E8C2E00BD2B77 /* Splash */ = {
			isa = PBXGroup;
			children = (
				5469689F2E6E8C2E00BD2B77 /* SplashView.swift */,
				5469689E2E6E8C2E00BD2B77 /* Onboarding */,
			);
			path = Splash;
			sourceTree = "<group>";
		};
		546968A22E6E8C2E00BD2B77 /* Subcription */ = {
			isa = PBXGroup;
			children = (
				546968A12E6E8C2E00BD2B77 /* SubcriptionView.swift */,
			);
			path = Subcription;
			sourceTree = "<group>";
		};
		546968AA2E6E8C2E00BD2B77 /* StoryMakerApp */ = {
			isa = PBXGroup;
			children = (
				546489B02EBB493300818483 /* AppUsage.swift */,
				546968BD2E6E8CA600BD2B77 /* Info.plist */,
				546968A72E6E8C2E00BD2B77 /* StoryMakerApp.entitlements */,
				546968A82E6E8C2E00BD2B77 /* StoryMakerAppApp.swift */,
				544C177E2E8FC87800999A9B /* Resources */,
				544C177D2E8FC80800999A9B /* Models */,
				544C17782E8FBFC300999A9B /* Views */,
				544C175E2E8FBF0600999A9B /* Extensions */,
				545B40222EA22CED00C1CA05 /* Network */,
				544C177F2E8FC8C500999A9B /* Utils */,
				544C17832E8FC9C300999A9B /* Tests */,
			);
			path = StoryMakerApp;
			sourceTree = "<group>";
		};
		546968BA2E6E8C3700BD2B77 /* FontFamily */ = {
			isa = PBXGroup;
			children = (
				546968D42E6E988E00BD2B77 /* RubikIso-Regular.ttf */,
				546968D22E6E987300BD2B77 /* FontdinerSwanky-Regular.ttf */,
				546968D02E6E984C00BD2B77 /* Inspiration-Regular.ttf */,
				546968CE2E6E982B00BD2B77 /* Eater-Regular.ttf */,
				546968CC2E6E980400BD2B77 /* Butcherman-Regular.ttf */,
				546968CA2E6E97D200BD2B77 /* Kablammo-Regular-VariableFont_MORF.ttf */,
				546968C82E6E97A700BD2B77 /* Arbutus-Regular.ttf */,
				546968C62E6E975400BD2B77 /* AllertaStencil-Regular.ttf */,
				546968C42E6E96F500BD2B77 /* Kapakana-VariableFont_wght.ttf */,
				546968C22E6E96B700BD2B77 /* Pacifico-Regular.ttf */,
				546968C02E6E960900BD2B77 /* Barriecito-Regular.ttf */,
				546968BE2E6E8DB600BD2B77 /* MonsieurLaDoulaise-Regular.ttf */,
				546968BB2E6E8C6D00BD2B77 /* PPNeueMachina-Regular.otf */,
			);
			path = FontFamily;
			sourceTree = "<group>";
		};
		BB94D9E52E541CBD008F66EA = {
			isa = PBXGroup;
			children = (
				546968AA2E6E8C2E00BD2B77 /* StoryMakerApp */,
				BB94D9EF2E541CBD008F66EA /* Products */,
			);
			sourceTree = "<group>";
		};
		BB94D9EF2E541CBD008F66EA /* Products */ = {
			isa = PBXGroup;
			children = (
				BB94D9EE2E541CBD008F66EA /* StoryMakerApp.app */,
			);
			name = Products;
			sourceTree = "<group>";
		};
/* End PBXGroup section */

/* Begin PBXNativeTarget section */
		BB94D9ED2E541CBD008F66EA /* StoryMakerApp */ = {
			isa = PBXNativeTarget;
			buildConfigurationList = BB94D9FA2E541CBE008F66EA /* Build configuration list for PBXNativeTarget "StoryMakerApp" */;
			buildPhases = (
				BB94D9EA2E541CBD008F66EA /* Sources */,
				BB94D9EB2E541CBD008F66EA /* Frameworks */,
				BB94D9EC2E541CBD008F66EA /* Resources */,
			);
			buildRules = (
			);
			dependencies = (
			);
			name = StoryMakerApp;
			packageProductDependencies = (
			);
			productName = StoryMakerApp;
			productReference = BB94D9EE2E541CBD008F66EA /* StoryMakerApp.app */;
			productType = "com.apple.product-type.application";
		};
/* End PBXNativeTarget section */

/* Begin PBXProject section */
		BB94D9E62E541CBD008F66EA /* Project object */ = {
			isa = PBXProject;
			attributes = {
				BuildIndependentTargetsInParallel = 1;
				LastSwiftUpdateCheck = 1640;
				LastUpgradeCheck = 1640;
				TargetAttributes = {
					BB94D9ED2E541CBD008F66EA = {
						CreatedOnToolsVersion = 16.4;
					};
				};
			};
			buildConfigurationList = BB94D9E92E541CBD008F66EA /* Build configuration list for PBXProject "StoryMakerApp" */;
			developmentRegion = en;
			hasScannedForEncodings = 0;
			knownRegions = (
				en,
				Base,
			);
			mainGroup = BB94D9E52E541CBD008F66EA;
			minimizedProjectReferenceProxies = 1;
			packageReferences = (
				5451E1312E80FC6800D9BBB1 /* XCRemoteSwiftPackageReference "SwiftUI-Introspect" */,
			);
			preferredProjectObjectVersion = 77;
			productRefGroup = BB94D9EF2E541CBD008F66EA /* Products */;
			projectDirPath = "";
			projectRoot = "";
			targets = (
				BB94D9ED2E541CBD008F66EA /* StoryMakerApp */,
			);
		};
/* End PBXProject section */

/* Begin PBXResourcesBuildPhase section */
		BB94D9EC2E541CBD008F66EA /* Resources */ = {
			isa = PBXResourcesBuildPhase;
			buildActionMask = 2147483647;
			files = (
				546968B92E6E8C2E00BD2B77 /* Assets.xcassets in Resources */,
				546968CB2E6E97D200BD2B77 /* Kablammo-Regular-VariableFont_MORF.ttf in Resources */,
				546968CF2E6E982B00BD2B77 /* Eater-Regular.ttf in Resources */,
				546968C72E6E975400BD2B77 /* AllertaStencil-Regular.ttf in Resources */,
				546968C12E6E960900BD2B77 /* Barriecito-Regular.ttf in Resources */,
				546968D32E6E987300BD2B77 /* FontdinerSwanky-Regular.ttf in Resources */,
				546968BF2E6E8DB600BD2B77 /* MonsieurLaDoulaise-Regular.ttf in Resources */,
				546968D52E6E988E00BD2B77 /* RubikIso-Regular.ttf in Resources */,
				546968D12E6E984C00BD2B77 /* Inspiration-Regular.ttf in Resources */,
				546968C92E6E97A700BD2B77 /* Arbutus-Regular.ttf in Resources */,
				546968BC2E6E8C6D00BD2B77 /* PPNeueMachina-Regular.otf in Resources */,
				546968C32E6E96B700BD2B77 /* Pacifico-Regular.ttf in Resources */,
				546968CD2E6E980400BD2B77 /* Butcherman-Regular.ttf in Resources */,
				546968C52E6E96F500BD2B77 /* Kapakana-VariableFont_wght.ttf in Resources */,
			);
			runOnlyForDeploymentPostprocessing = 0;
		};
/* End PBXResourcesBuildPhase section */

/* Begin PBXSourcesBuildPhase section */
		BB94D9EA2E541CBD008F66EA /* Sources */ = {
			isa = PBXSourcesBuildPhase;
			buildActionMask = 2147483647;
			files = (
				543401092E815A790047336A /* MainModel.swift in Sources */,
				546968AB2E6E8C2E00BD2B77 /* BackGroundModel.swift in Sources */,
				543F83B72EB21C8100354EDB /* FilterCIViewModel.swift in Sources */,
				546968AC2E6E8C2E00BD2B77 /* BackGroundView.swift in Sources */,
				546968AD2E6E8C2E00BD2B77 /* BackGroundViewModel.swift in Sources */,
				544C17592E8FBF0200999A9B /* ColorPickerFromImage.swift in Sources */,
				543F83AF2EB084B900354EDB /* TestMoveCanve.swift in Sources */,
				546968AE2E6E8C2E00BD2B77 /* OverlayTextModel.swift in Sources */,
				543F83B12EB2080700354EDB /* FilterDemoView.swift in Sources */,
				544C17662E8FBF0A00999A9B /* BrightNessBGView.swift in Sources */,
				546968AF2E6E8C2E00BD2B77 /* OverlayTextViewModel.swift in Sources */,
				544C175F2E8FBF0600999A9B /* Color.swift in Sources */,
				544C17602E8FBF0600999A9B /* Shimmering.swift in Sources */,
				546489B12EBB494200818483 /* AppUsage.swift in Sources */,
				544C17612E8FBF0600999A9B /* Snapshot.swift in Sources */,
				544C17622E8FBF0600999A9B /* UIImage+LUT.swift in Sources */,
				546968B02E6E8C2E00BD2B77 /* EditorView.swift in Sources */,
				546489AE2EB9AB7900818483 /* ExtensionTextView.swift in Sources */,
				543F83B52EB21BE400354EDB /* FilterEditorCIView.swift in Sources */,
				5454444D2E7A6A780080D518 /* EditorCanvasView.swift in Sources */,
				546968DD2E71625600BD2B77 /* BackgroundEditorView.swift in Sources */,
				546968B12E6E8C2E00BD2B77 /* HomeView.swift in Sources */,
				546968B22E6E8C2E00BD2B77 /* IntroView.swift in Sources */,
				546968B32E6E8C2E00BD2B77 /* SplashView.swift in Sources */,
				546968DF2E71702200BD2B77 /* BackgroundEditorViewModel.swift in Sources */,
				544C17712E8FBF1600999A9B /* ExportingViewModel.swift in Sources */,
				544C17722E8FBF1600999A9B /* ExportingDoneView.swift in Sources */,
				544C17732E8FBF1600999A9B /* ExportingView.swift in Sources */,
				544C17742E8FBF1600999A9B /* HomePreview.swift in Sources */,
				544C17752E8FBF1600999A9B /* TestPreview.swift in Sources */,
				544C17762E8FBF1600999A9B /* TestPreview1.swift in Sources */,
				543F83B92EB4A18D00354EDB /* TestPhotopicker.swift in Sources */,
				546968B42E6E8C2E00BD2B77 /* SubcriptionView.swift in Sources */,
				543401112E83CF9A0047336A /* ProjectStorage.swift in Sources */,
				546968B52E6E8C2E00BD2B77 /* TextView.swift in Sources */,
				546968B72E6E8C2E00BD2B77 /* StoryMakerAppApp.swift in Sources */,
				545B40242EA22D1500C1CA05 /* Network.swift in Sources */,
				546968B82E6E8C2E00BD2B77 /* Test.swift in Sources */,
			);
			runOnlyForDeploymentPostprocessing = 0;
		};
/* End PBXSourcesBuildPhase section */

/* Begin XCBuildConfiguration section */
		BB94D9F82E541CBE008F66EA /* Debug */ = {
			isa = XCBuildConfiguration;
			buildSettings = {
				ALWAYS_SEARCH_USER_PATHS = NO;
				ASSETCATALOG_COMPILER_GENERATE_SWIFT_ASSET_SYMBOL_EXTENSIONS = YES;
				CLANG_ANALYZER_NONNULL = YES;
				CLANG_ANALYZER_NUMBER_OBJECT_CONVERSION = YES_AGGRESSIVE;
				CLANG_CXX_LANGUAGE_STANDARD = "gnu++20";
				CLANG_ENABLE_MODULES = YES;
				CLANG_ENABLE_OBJC_ARC = YES;
				CLANG_ENABLE_OBJC_WEAK = YES;
				CLANG_WARN_BLOCK_CAPTURE_AUTORELEASING = YES;
				CLANG_WARN_BOOL_CONVERSION = YES;
				CLANG_WARN_COMMA = YES;
				CLANG_WARN_CONSTANT_CONVERSION = YES;
				CLANG_WARN_DEPRECATED_OBJC_IMPLEMENTATIONS = YES;
				CLANG_WARN_DIRECT_OBJC_ISA_USAGE = YES_ERROR;
				CLANG_WARN_DOCUMENTATION_COMMENTS = YES;
				CLANG_WARN_EMPTY_BODY = YES;
				CLANG_WARN_ENUM_CONVERSION = YES;
				CLANG_WARN_INFINITE_RECURSION = YES;
				CLANG_WARN_INT_CONVERSION = YES;
				CLANG_WARN_NON_LITERAL_NULL_CONVERSION = YES;
				CLANG_WARN_OBJC_IMPLICIT_RETAIN_SELF = YES;
				CLANG_WARN_OBJC_LITERAL_CONVERSION = YES;
				CLANG_WARN_OBJC_ROOT_CLASS = YES_ERROR;
				CLANG_WARN_QUOTED_INCLUDE_IN_FRAMEWORK_HEADER = YES;
				CLANG_WARN_RANGE_LOOP_ANALYSIS = YES;
				CLANG_WARN_STRICT_PROTOTYPES = YES;
				CLANG_WARN_SUSPICIOUS_MOVE = YES;
				CLANG_WARN_UNGUARDED_AVAILABILITY = YES_AGGRESSIVE;
				CLANG_WARN_UNREACHABLE_CODE = YES;
				CLANG_WARN__DUPLICATE_METHOD_MATCH = YES;
				COPY_PHASE_STRIP = NO;
				DEBUG_INFORMATION_FORMAT = dwarf;
				DEVELOPMENT_TEAM = TBM2UMUR63;
				ENABLE_STRICT_OBJC_MSGSEND = YES;
				ENABLE_TESTABILITY = YES;
				ENABLE_USER_SCRIPT_SANDBOXING = YES;
				GCC_C_LANGUAGE_STANDARD = gnu17;
				GCC_DYNAMIC_NO_PIC = NO;
				GCC_NO_COMMON_BLOCKS = YES;
				GCC_OPTIMIZATION_LEVEL = 0;
				GCC_PREPROCESSOR_DEFINITIONS = (
					"DEBUG=1",
					"$(inherited)",
				);
				GCC_WARN_64_TO_32_BIT_CONVERSION = YES;
				GCC_WARN_ABOUT_RETURN_TYPE = YES_ERROR;
				GCC_WARN_UNDECLARED_SELECTOR = YES;
				GCC_WARN_UNINITIALIZED_AUTOS = YES_AGGRESSIVE;
				GCC_WARN_UNUSED_FUNCTION = YES;
				GCC_WARN_UNUSED_VARIABLE = YES;
				LOCALIZATION_PREFERS_STRING_CATALOGS = YES;
				MTL_ENABLE_DEBUG_INFO = INCLUDE_SOURCE;
				MTL_FAST_MATH = YES;
				ONLY_ACTIVE_ARCH = YES;
				SWIFT_ACTIVE_COMPILATION_CONDITIONS = "DEBUG $(inherited)";
				SWIFT_OPTIMIZATION_LEVEL = "-Onone";
			};
			name = Debug;
		};
		BB94D9F92E541CBE008F66EA /* Release */ = {
			isa = XCBuildConfiguration;
			buildSettings = {
				ALWAYS_SEARCH_USER_PATHS = NO;
				ASSETCATALOG_COMPILER_GENERATE_SWIFT_ASSET_SYMBOL_EXTENSIONS = YES;
				CLANG_ANALYZER_NONNULL = YES;
				CLANG_ANALYZER_NUMBER_OBJECT_CONVERSION = YES_AGGRESSIVE;
				CLANG_CXX_LANGUAGE_STANDARD = "gnu++20";
				CLANG_ENABLE_MODULES = YES;
				CLANG_ENABLE_OBJC_ARC = YES;
				CLANG_ENABLE_OBJC_WEAK = YES;
				CLANG_WARN_BLOCK_CAPTURE_AUTORELEASING = YES;
				CLANG_WARN_BOOL_CONVERSION = YES;
				CLANG_WARN_COMMA = YES;
				CLANG_WARN_CONSTANT_CONVERSION = YES;
				CLANG_WARN_DEPRECATED_OBJC_IMPLEMENTATIONS = YES;
				CLANG_WARN_DIRECT_OBJC_ISA_USAGE = YES_ERROR;
				CLANG_WARN_DOCUMENTATION_COMMENTS = YES;
				CLANG_WARN_EMPTY_BODY = YES;
				CLANG_WARN_ENUM_CONVERSION = YES;
				CLANG_WARN_INFINITE_RECURSION = YES;
				CLANG_WARN_INT_CONVERSION = YES;
				CLANG_WARN_NON_LITERAL_NULL_CONVERSION = YES;
				CLANG_WARN_OBJC_IMPLICIT_RETAIN_SELF = YES;
				CLANG_WARN_OBJC_LITERAL_CONVERSION = YES;
				CLANG_WARN_OBJC_ROOT_CLASS = YES_ERROR;
				CLANG_WARN_QUOTED_INCLUDE_IN_FRAMEWORK_HEADER = YES;
				CLANG_WARN_RANGE_LOOP_ANALYSIS = YES;
				CLANG_WARN_STRICT_PROTOTYPES = YES;
				CLANG_WARN_SUSPICIOUS_MOVE = YES;
				CLANG_WARN_UNGUARDED_AVAILABILITY = YES_AGGRESSIVE;
				CLANG_WARN_UNREACHABLE_CODE = YES;
				CLANG_WARN__DUPLICATE_METHOD_MATCH = YES;
				COPY_PHASE_STRIP = NO;
				DEBUG_INFORMATION_FORMAT = "dwarf-with-dsym";
				DEVELOPMENT_TEAM = TBM2UMUR63;
				ENABLE_NS_ASSERTIONS = NO;
				ENABLE_STRICT_OBJC_MSGSEND = YES;
				ENABLE_USER_SCRIPT_SANDBOXING = YES;
				GCC_C_LANGUAGE_STANDARD = gnu17;
				GCC_NO_COMMON_BLOCKS = YES;
				GCC_WARN_64_TO_32_BIT_CONVERSION = YES;
				GCC_WARN_ABOUT_RETURN_TYPE = YES_ERROR;
				GCC_WARN_UNDECLARED_SELECTOR = YES;
				GCC_WARN_UNINITIALIZED_AUTOS = YES_AGGRESSIVE;
				GCC_WARN_UNUSED_FUNCTION = YES;
				GCC_WARN_UNUSED_VARIABLE = YES;
				LOCALIZATION_PREFERS_STRING_CATALOGS = YES;
				MTL_ENABLE_DEBUG_INFO = NO;
				MTL_FAST_MATH = YES;
				SWIFT_COMPILATION_MODE = wholemodule;
			};
			name = Release;
		};
		BB94D9FB2E541CBE008F66EA /* Debug */ = {
			isa = XCBuildConfiguration;
			buildSettings = {
				ASSETCATALOG_COMPILER_APPICON_NAME = AppIcon;
				ASSETCATALOG_COMPILER_GLOBAL_ACCENT_COLOR_NAME = AccentColor;
				CODE_SIGN_ENTITLEMENTS = StoryMakerApp/StoryMakerApp.entitlements;
				CODE_SIGN_IDENTITY = "Apple Development";
				CODE_SIGN_STYLE = Automatic;
				CURRENT_PROJECT_VERSION = 1;
				DEVELOPMENT_TEAM = TBM2UMUR63;
				ENABLE_HARDENED_RUNTIME = YES;
				ENABLE_PREVIEWS = YES;
				GENERATE_INFOPLIST_FILE = YES;
				INFOPLIST_FILE = StoryMakerApp/Info.plist;
				INFOPLIST_KEY_CFBundleDisplayName = "";
				INFOPLIST_KEY_LSApplicationCategoryType = "";
				INFOPLIST_KEY_NSHumanReadableCopyright = "";
				"INFOPLIST_KEY_UIApplicationSceneManifest_Generation[sdk=iphoneos*]" = YES;
				"INFOPLIST_KEY_UIApplicationSceneManifest_Generation[sdk=iphonesimulator*]" = YES;
				"INFOPLIST_KEY_UIApplicationSupportsIndirectInputEvents[sdk=iphoneos*]" = YES;
				"INFOPLIST_KEY_UIApplicationSupportsIndirectInputEvents[sdk=iphonesimulator*]" = YES;
				"INFOPLIST_KEY_UILaunchScreen_Generation[sdk=iphoneos*]" = YES;
				"INFOPLIST_KEY_UILaunchScreen_Generation[sdk=iphonesimulator*]" = YES;
				"INFOPLIST_KEY_UIStatusBarStyle[sdk=iphoneos*]" = UIStatusBarStyleDefault;
				"INFOPLIST_KEY_UIStatusBarStyle[sdk=iphonesimulator*]" = UIStatusBarStyleDefault;
				INFOPLIST_KEY_UISupportedInterfaceOrientations_iPad = "UIInterfaceOrientationPortrait UIInterfaceOrientationPortraitUpsideDown UIInterfaceOrientationLandscapeLeft UIInterfaceOrientationLandscapeRight";
				INFOPLIST_KEY_UISupportedInterfaceOrientations_iPhone = "UIInterfaceOrientationPortrait UIInterfaceOrientationLandscapeLeft UIInterfaceOrientationLandscapeRight";
				IPHONEOS_DEPLOYMENT_TARGET = 17.6;
				LD_RUNPATH_SEARCH_PATHS = "@executable_path/Frameworks";
				"LD_RUNPATH_SEARCH_PATHS[sdk=macosx*]" = "@executable_path/../Frameworks";
				MACOSX_DEPLOYMENT_TARGET = 15.5;
				MARKETING_VERSION = 1.0;
				PRODUCT_BUNDLE_IDENTIFIER = a.StoryMakerApp;
				PRODUCT_NAME = "$(TARGET_NAME)";
				PROVISIONING_PROFILE_SPECIFIER = "";
				REGISTER_APP_GROUPS = YES;
				SDKROOT = auto;
				SUPPORTED_PLATFORMS = "iphoneos iphonesimulator macosx xros xrsimulator";
				SWIFT_EMIT_LOC_STRINGS = YES;
				SWIFT_VERSION = 5.0;
				TARGETED_DEVICE_FAMILY = "1,2,7";
				XROS_DEPLOYMENT_TARGET = 2.5;
			};
			name = Debug;
		};
		BB94D9FC2E541CBE008F66EA /* Release */ = {
			isa = XCBuildConfiguration;
			buildSettings = {
				ASSETCATALOG_COMPILER_APPICON_NAME = AppIcon;
				ASSETCATALOG_COMPILER_GLOBAL_ACCENT_COLOR_NAME = AccentColor;
				CODE_SIGN_ENTITLEMENTS = StoryMakerApp/StoryMakerApp.entitlements;
				CODE_SIGN_STYLE = Automatic;
				CURRENT_PROJECT_VERSION = 1;
				DEVELOPMENT_TEAM = TBM2UMUR63;
				ENABLE_HARDENED_RUNTIME = YES;
				ENABLE_PREVIEWS = YES;
				GENERATE_INFOPLIST_FILE = YES;
				INFOPLIST_FILE = StoryMakerApp/Info.plist;
				INFOPLIST_KEY_CFBundleDisplayName = "";
				INFOPLIST_KEY_LSApplicationCategoryType = "";
				INFOPLIST_KEY_NSHumanReadableCopyright = "";
				"INFOPLIST_KEY_UIApplicationSceneManifest_Generation[sdk=iphoneos*]" = YES;
				"INFOPLIST_KEY_UIApplicationSceneManifest_Generation[sdk=iphonesimulator*]" = YES;
				"INFOPLIST_KEY_UIApplicationSupportsIndirectInputEvents[sdk=iphoneos*]" = YES;
				"INFOPLIST_KEY_UIApplicationSupportsIndirectInputEvents[sdk=iphonesimulator*]" = YES;
				"INFOPLIST_KEY_UILaunchScreen_Generation[sdk=iphoneos*]" = YES;
				"INFOPLIST_KEY_UILaunchScreen_Generation[sdk=iphonesimulator*]" = YES;
				"INFOPLIST_KEY_UIStatusBarStyle[sdk=iphoneos*]" = UIStatusBarStyleDefault;
				"INFOPLIST_KEY_UIStatusBarStyle[sdk=iphonesimulator*]" = UIStatusBarStyleDefault;
				INFOPLIST_KEY_UISupportedInterfaceOrientations_iPad = "UIInterfaceOrientationPortrait UIInterfaceOrientationPortraitUpsideDown UIInterfaceOrientationLandscapeLeft UIInterfaceOrientationLandscapeRight";
				INFOPLIST_KEY_UISupportedInterfaceOrientations_iPhone = "UIInterfaceOrientationPortrait UIInterfaceOrientationLandscapeLeft UIInterfaceOrientationLandscapeRight";
				IPHONEOS_DEPLOYMENT_TARGET = 17.6;
				LD_RUNPATH_SEARCH_PATHS = "@executable_path/Frameworks";
				"LD_RUNPATH_SEARCH_PATHS[sdk=macosx*]" = "@executable_path/../Frameworks";
				MACOSX_DEPLOYMENT_TARGET = 15.5;
				MARKETING_VERSION = 1.0;
				PRODUCT_BUNDLE_IDENTIFIER = a.StoryMakerApp;
				PRODUCT_NAME = "$(TARGET_NAME)";
				REGISTER_APP_GROUPS = YES;
				SDKROOT = auto;
				SUPPORTED_PLATFORMS = "iphoneos iphonesimulator macosx xros xrsimulator";
				SWIFT_EMIT_LOC_STRINGS = YES;
				SWIFT_VERSION = 5.0;
				TARGETED_DEVICE_FAMILY = "1,2,7";
				XROS_DEPLOYMENT_TARGET = 2.5;
			};
			name = Release;
		};
/* End XCBuildConfiguration section */

/* Begin XCConfigurationList section */
		BB94D9E92E541CBD008F66EA /* Build configuration list for PBXProject "StoryMakerApp" */ = {
			isa = XCConfigurationList;
			buildConfigurations = (
				BB94D9F82E541CBE008F66EA /* Debug */,
				BB94D9F92E541CBE008F66EA /* Release */,
			);
			defaultConfigurationIsVisible = 0;
			defaultConfigurationName = Release;
		};
		BB94D9FA2E541CBE008F66EA /* Build configuration list for PBXNativeTarget "StoryMakerApp" */ = {
			isa = XCConfigurationList;
			buildConfigurations = (
				BB94D9FB2E541CBE008F66EA /* Debug */,
				BB94D9FC2E541CBE008F66EA /* Release */,
			);
			defaultConfigurationIsVisible = 0;
			defaultConfigurationName = Release;
		};
/* End XCConfigurationList section */

/* Begin XCRemoteSwiftPackageReference section */
		5451E1312E80FC6800D9BBB1 /* XCRemoteSwiftPackageReference "SwiftUI-Introspect" */ = {
			isa = XCRemoteSwiftPackageReference;
			repositoryURL = "https://github.com/siteline/SwiftUI-Introspect";
			requirement = {
				kind = upToNextMajorVersion;
				minimumVersion = 26.0.0;
			};
		};
/* End XCRemoteSwiftPackageReference section */
	};
	rootObject = BB94D9E62E541CBD008F66EA /* Project object */;
}
